
Microsoft Visual Studio Solution File, Format Version 12.00
# Visual Studio Version 16
VisualStudioVersion = 16.0.31624.102
MinimumVisualStudioVersion = 10.0.40219.1
Project("{FAE04EC0-301F-11D3-BF4B-00C04F79EFBC}") = "interop-usermanual", "interop-usermanual.csproj", "{6B6ED00D-257B-4D38-A55B-41E1DBE468EB}"
EndProject
Global
	GlobalSection(SolutionConfigurationPlatforms) = preSolution
		Debug|Any CPU = Debug|Any CPU
		Release|Any CPU = Release|Any CPU
	EndGlobalSection
	GlobalSection(ProjectConfigurationPlatforms) = postSolution
		{6B6ED00D-257B-4D38-A55B-41E1DBE468EB}.Debug|Any CPU.ActiveCfg = Debug|Any CPU
		{6B6ED00D-257B-4D38-A55B-41E1DBE468EB}.Debug|Any CPU.Build.0 = Debug|Any CPU
		{6B6ED00D-257B-4D38-A55B-41E1DBE468EB}.Release|Any CPU.ActiveCfg = Release|Any CPU
		{6B6ED00D-257B-4D38-A55B-41E1DBE468EB}.Release|Any CPU.Build.0 = Release|Any CPU
	EndGlobalSection
	GlobalSection(SolutionProperties) = preSolution
		HideSolutionNode = FALSE
	EndGlobalSection
	GlobalSection(ExtensibilityGlobals) = postSolution
		SolutionGuid = {D1392A86-0BC7-4DF7-8278-32DBA412064F}
	EndGlobalSection
EndGlobal
